
Microsoft Visual Studio Solution File, Format Version 12.00
# Visual Studio Version 17
VisualStudioVersion = 17.0.31903.59
MinimumVisualStudioVersion = 10.0.40219.1
Project("{FAE04EC0-301F-11D3-BF4B-00C04F79EFBC}") = "ReparaLab.Domain", "ReparaLab.Domain\ReparaLab.Domain.csproj", "{9D0A9662-7010-4F03-AC39-4F8575FC70E8}"
EndProject
Project("{FAE04EC0-301F-11D3-BF4B-00C04F79EFBC}") = "ReparaLab.Application", "ReparaLab.Application\ReparaLab.Application.csproj", "{737E9F31-1250-484C-8FD2-D0465C7F0644}"
EndProject
Project("{FAE04EC0-301F-11D3-BF4B-00C04F79EFBC}") = "ReparaLab.Infrastructure", "ReparaLab.Infrastructure\ReparaLab.Infrastructure.csproj", "{889CF549-19C7-4582-AA92-1AFE758C6932}"
EndProject
Project("{FAE04EC0-301F-11D3-BF4B-00C04F79EFBC}") = "ReparaLab.WinForms", "ReparaLab.WinForms\ReparaLab.WinForms.csproj", "{097B962B-AA9D-4B42-9BF7-043D3EDF74C3}"
EndProject
Global
	GlobalSection(SolutionConfigurationPlatforms) = preSolution
		Debug|Any CPU = Debug|Any CPU
		Debug|x64 = Debug|x64
		Debug|x86 = Debug|x86
		Release|Any CPU = Release|Any CPU
		Release|x64 = Release|x64
		Release|x86 = Release|x86
	EndGlobalSection
	GlobalSection(ProjectConfigurationPlatforms) = postSolution
		{9D0A9662-7010-4F03-AC39-4F8575FC70E8}.Debug|Any CPU.ActiveCfg = Debug|Any CPU
		{9D0A9662-7010-4F03-AC39-4F8575FC70E8}.Debug|Any CPU.Build.0 = Debug|Any CPU
		{9D0A9662-7010-4F03-AC39-4F8575FC70E8}.Debug|x64.ActiveCfg = Debug|Any CPU
		{9D0A9662-7010-4F03-AC39-4F8575FC70E8}.Debug|x64.Build.0 = Debug|Any CPU
		{9D0A9662-7010-4F03-AC39-4F8575FC70E8}.Debug|x86.ActiveCfg = Debug|Any CPU
		{9D0A9662-7010-4F03-AC39-4F8575FC70E8}.Debug|x86.Build.0 = Debug|Any CPU
		{9D0A9662-7010-4F03-AC39-4F8575FC70E8}.Release|Any CPU.ActiveCfg = Release|Any CPU
		{9D0A9662-7010-4F03-AC39-4F8575FC70E8}.Release|Any CPU.Build.0 = Release|Any CPU
		{9D0A9662-7010-4F03-AC39-4F8575FC70E8}.Release|x64.ActiveCfg = Release|Any CPU
		{9D0A9662-7010-4F03-AC39-4F8575FC70E8}.Release|x64.Build.0 = Release|Any CPU
		{9D0A9662-7010-4F03-AC39-4F8575FC70E8}.Release|x86.ActiveCfg = Release|Any CPU
		{9D0A9662-7010-4F03-AC39-4F8575FC70E8}.Release|x86.Build.0 = Release|Any CPU
		{737E9F31-1250-484C-8FD2-D0465C7F0644}.Debug|Any CPU.ActiveCfg = Debug|Any CPU
		{737E9F31-1250-484C-8FD2-D0465C7F0644}.Debug|Any CPU.Build.0 = Debug|Any CPU
		{737E9F31-1250-484C-8FD2-D0465C7F0644}.Debug|x64.ActiveCfg = Debug|Any CPU
		{737E9F31-1250-484C-8FD2-D0465C7F0644}.Debug|x64.Build.0 = Debug|Any CPU
		{737E9F31-1250-484C-8FD2-D0465C7F0644}.Debug|x86.ActiveCfg = Debug|Any CPU
		{737E9F31-1250-484C-8FD2-D0465C7F0644}.Debug|x86.Build.0 = Debug|Any CPU
		{737E9F31-1250-484C-8FD2-D0465C7F0644}.Release|Any CPU.ActiveCfg = Release|Any CPU
		{737E9F31-1250-484C-8FD2-D0465C7F0644}.Release|Any CPU.Build.0 = Release|Any CPU
		{737E9F31-1250-484C-8FD2-D0465C7F0644}.Release|x64.ActiveCfg = Release|Any CPU
		{737E9F31-1250-484C-8FD2-D0465C7F0644}.Release|x64.Build.0 = Release|Any CPU
		{737E9F31-1250-484C-8FD2-D0465C7F0644}.Release|x86.ActiveCfg = Release|Any CPU
		{737E9F31-1250-484C-8FD2-D0465C7F0644}.Release|x86.Build.0 = Release|Any CPU
		{889CF549-19C7-4582-AA92-1AFE758C6932}.Debug|Any CPU.ActiveCfg = Debug|Any CPU
		{889CF549-19C7-4582-AA92-1AFE758C6932}.Debug|Any CPU.Build.0 = Debug|Any CPU
		{889CF549-19C7-4582-AA92-1AFE758C6932}.Debug|x64.ActiveCfg = Debug|Any CPU
		{889CF549-19C7-4582-AA92-1AFE758C6932}.Debug|x64.Build.0 = Debug|Any CPU
		{889CF549-19C7-4582-AA92-1AFE758C6932}.Debug|x86.ActiveCfg = Debug|Any CPU
		{889CF549-19C7-4582-AA92-1AFE758C6932}.Debug|x86.Build.0 = Debug|Any CPU
		{889CF549-19C7-4582-AA92-1AFE758C6932}.Release|Any CPU.ActiveCfg = Release|Any CPU
		{889CF549-19C7-4582-AA92-1AFE758C6932}.Release|Any CPU.Build.0 = Release|Any CPU
		{889CF549-19C7-4582-AA92-1AFE758C6932}.Release|x64.ActiveCfg = Release|Any CPU
		{889CF549-19C7-4582-AA92-1AFE758C6932}.Release|x64.Build.0 = Release|Any CPU
		{889CF549-19C7-4582-AA92-1AFE758C6932}.Release|x86.ActiveCfg = Release|Any CPU
		{889CF549-19C7-4582-AA92-1AFE758C6932}.Release|x86.Build.0 = Release|Any CPU
		{097B962B-AA9D-4B42-9BF7-043D3EDF74C3}.Debug|Any CPU.ActiveCfg = Debug|Any CPU
		{097B962B-AA9D-4B42-9BF7-043D3EDF74C3}.Debug|Any CPU.Build.0 = Debug|Any CPU
		{097B962B-AA9D-4B42-9BF7-043D3EDF74C3}.Debug|x64.ActiveCfg = Debug|Any CPU
		{097B962B-AA9D-4B42-9BF7-043D3EDF74C3}.Debug|x64.Build.0 = Debug|Any CPU
		{097B962B-AA9D-4B42-9BF7-043D3EDF74C3}.Debug|x86.ActiveCfg = Debug|Any CPU
		{097B962B-AA9D-4B42-9BF7-043D3EDF74C3}.Debug|x86.Build.0 = Debug|Any CPU
		{097B962B-AA9D-4B42-9BF7-043D3EDF74C3}.Release|Any CPU.ActiveCfg = Release|Any CPU
		{097B962B-AA9D-4B42-9BF7-043D3EDF74C3}.Release|Any CPU.Build.0 = Release|Any CPU
		{097B962B-AA9D-4B42-9BF7-043D3EDF74C3}.Release|x64.ActiveCfg = Release|Any CPU
		{097B962B-AA9D-4B42-9BF7-043D3EDF74C3}.Release|x64.Build.0 = Release|Any CPU
		{097B962B-AA9D-4B42-9BF7-043D3EDF74C3}.Release|x86.ActiveCfg = Release|Any CPU
		{097B962B-AA9D-4B42-9BF7-043D3EDF74C3}.Release|x86.Build.0 = Release|Any CPU
	EndGlobalSection
	GlobalSection(SolutionProperties) = preSolution
		HideSolutionNode = FALSE
	EndGlobalSection
EndGlobal
